// !$*UTF8*$!
{
	archiveVersion = 1;
	classes = {
	};
	objectVersion = 51;
	objects = {

/* Begin PBXBuildFile section */
		076A33635794D1FDAAD52B8B /* Pods_demo.framework in Frameworks */ = {isa = PBXBuildFile; fileRef = 6B11155CFA325B630FB96E3A /* Pods_demo.framework */; };
		8A710B1F22D708BE007B61E9 /* NetworkManager.m in Sources */ = {isa = PBXBuildFile; fileRef = 8A710B1E22D708BE007B61E9 /* NetworkManager.m */; };
		8ABF27BA22D5EA8700B1041F /* AppDelegate.m in Sources */ = {isa = PBXBuildFile; fileRef = 8ABF27B922D5EA8700B1041F /* AppDelegate.m */; };
		8ABF27BD22D5EA8700B1041F /* ViewController.m in Sources */ = {isa = PBXBuildFile; fileRef = 8ABF27BC22D5EA8700B1041F /* ViewController.m */; };
		8ABF27C022D5EA8700B1041F /* Main.storyboard in Resources */ = {isa = PBXBuildFile; fileRef = 8ABF27BE22D5EA8700B1041F /* Main.storyboard */; };
		8ABF27C222D5EA8E00B1041F /* Assets.xcassets in Resources */ = {isa = PBXBuildFile; fileRef = 8ABF27C122D5EA8E00B1041F /* Assets.xcassets */; };
		8ABF27C522D5EA8E00B1041F /* LaunchScreen.storyboard in Resources */ = {isa = PBXBuildFile; fileRef = 8ABF27C322D5EA8E00B1041F /* LaunchScreen.storyboard */; };
		8ABF27C822D5EA8E00B1041F /* main.m in Sources */ = {isa = PBXBuildFile; fileRef = 8ABF27C722D5EA8E00B1041F /* main.m */; };
/* End PBXBuildFile section */

/* Begin PBXContainerItemProxy section */
		8A53CF7823B06BAA00B807D4 /* PBXContainerItemProxy */ = {
			isa = PBXContainerItemProxy;
			containerPortal = 8A53CF7423B06BAA00B807D4 /* IRNotificationReceiver.xcodeproj */;
			proxyType = 2;
			remoteGlobalIDString = 8A2BAC8522D5E47B00A6C504;
			remoteInfo = IRNotificationReceiver;
		};
/* End PBXContainerItemProxy section */

/* Begin PBXFileReference section */
		196DB34D5F538AB21A2D2210 /* Pods-demo.debug.xcconfig */ = {isa = PBXFileReference; includeInIndex = 1; lastKnownFileType = text.xcconfig; name = "Pods-demo.debug.xcconfig"; path = "Target Support Files/Pods-demo/Pods-demo.debug.xcconfig"; sourceTree = "<group>"; };
		1DCA2E48136C0E3A2F10C89E /* Pods-demo.release.xcconfig */ = {isa = PBXFileReference; includeInIndex = 1; lastKnownFileType = text.xcconfig; name = "Pods-demo.release.xcconfig"; path = "Target Support Files/Pods-demo/Pods-demo.release.xcconfig"; sourceTree = "<group>"; };
		6B11155CFA325B630FB96E3A /* Pods_demo.framework */ = {isa = PBXFileReference; explicitFileType = wrapper.framework; includeInIndex = 0; path = Pods_demo.framework; sourceTree = BUILT_PRODUCTS_DIR; };
		8A53CF7423B06BAA00B807D4 /* IRNotificationReceiver.xcodeproj */ = {isa = PBXFileReference; lastKnownFileType = "wrapper.pb-project"; name = IRNotificationReceiver.xcodeproj; path = ../IRNotificationReceiver.xcodeproj; sourceTree = "<group>"; };
		8A710B1D22D708BE007B61E9 /* NetworkManager.h */ = {isa = PBXFileReference; lastKnownFileType = sourcecode.c.h; path = NetworkManager.h; sourceTree = "<group>"; };
		8A710B1E22D708BE007B61E9 /* NetworkManager.m */ = {isa = PBXFileReference; lastKnownFileType = sourcecode.c.objc; path = NetworkManager.m; sourceTree = "<group>"; };
		8ABF27B522D5EA8700B1041F /* demo.app */ = {isa = PBXFileReference; explicitFileType = wrapper.application; includeInIndex = 0; path = demo.app; sourceTree = BUILT_PRODUCTS_DIR; };
		8ABF27B822D5EA8700B1041F /* AppDelegate.h */ = {isa = PBXFileReference; lastKnownFileType = sourcecode.c.h; path = AppDelegate.h; sourceTree = "<group>"; };
		8ABF27B922D5EA8700B1041F /* AppDelegate.m */ = {isa = PBXFileReference; lastKnownFileType = sourcecode.c.objc; path = AppDelegate.m; sourceTree = "<group>"; };
		8ABF27BB22D5EA8700B1041F /* ViewController.h */ = {isa = PBXFileReference; lastKnownFileType = sourcecode.c.h; path = ViewController.h; sourceTree = "<group>"; };
		8ABF27BC22D5EA8700B1041F /* ViewController.m */ = {isa = PBXFileReference; lastKnownFileType = sourcecode.c.objc; path = ViewController.m; sourceTree = "<group>"; };
		8ABF27BF22D5EA8700B1041F /* Base */ = {isa = PBXFileReference; lastKnownFileType = file.storyboard; name = Base; path = Base.lproj/Main.storyboard; sourceTree = "<group>"; };
		8ABF27C122D5EA8E00B1041F /* Assets.xcassets */ = {isa = PBXFileReference; lastKnownFileType = folder.assetcatalog; path = Assets.xcassets; sourceTree = "<group>"; };
		8ABF27C422D5EA8E00B1041F /* Base */ = {isa = PBXFileReference; lastKnownFileType = file.storyboard; name = Base; path = Base.lproj/LaunchScreen.storyboard; sourceTree = "<group>"; };
		8ABF27C622D5EA8E00B1041F /* Info.plist */ = {isa = PBXFileReference; lastKnownFileType = text.plist.xml; path = Info.plist; sourceTree = "<group>"; };
		8ABF27C722D5EA8E00B1041F /* main.m */ = {isa = PBXFileReference; lastKnownFileType = sourcecode.c.objc; path = main.m; sourceTree = "<group>"; };
/* End PBXFileReference section */

/* Begin PBXFrameworksBuildPhase section */
		8ABF27B222D5EA8700B1041F /* Frameworks */ = {
			isa = PBXFrameworksBuildPhase;
			buildActionMask = 2147483647;
			files = (
				076A33635794D1FDAAD52B8B /* Pods_demo.framework in Frameworks */,
			);
			runOnlyForDeploymentPostprocessing = 0;
		};
/* End PBXFrameworksBuildPhase section */

/* Begin PBXGroup section */
		8A53CF7523B06BAA00B807D4 /* Products */ = {
			isa = PBXGroup;
			children = (
				8A53CF7923B06BAA00B807D4 /* IRNotificationReceiver.framework */,
			);
			name = Products;
			sourceTree = "<group>";
		};
		8A710B1B22D70857007B61E9 /* Class */ = {
			isa = PBXGroup;
			children = (
				8ABF27BB22D5EA8700B1041F /* ViewController.h */,
				8ABF27BC22D5EA8700B1041F /* ViewController.m */,
				8A710B1C22D70866007B61E9 /* Network */,
			);
			path = Class;
			sourceTree = "<group>";
		};
		8A710B1C22D70866007B61E9 /* Network */ = {
			isa = PBXGroup;
			children = (
				8A710B1D22D708BE007B61E9 /* NetworkManager.h */,
				8A710B1E22D708BE007B61E9 /* NetworkManager.m */,
			);
			path = Network;
			sourceTree = "<group>";
		};
		8ABF27AC22D5EA8700B1041F = {
			isa = PBXGroup;
			children = (
				8A53CF7423B06BAA00B807D4 /* IRNotificationReceiver.xcodeproj */,
				8ABF27B722D5EA8700B1041F /* demo */,
				8ABF27B622D5EA8700B1041F /* Products */,
				8ABF27CE22D5EB9700B1041F /* Frameworks */,
				BDA8A9BD6136CDA4817F690F /* Pods */,
			);
			sourceTree = "<group>";
		};
		8ABF27B622D5EA8700B1041F /* Products */ = {
			isa = PBXGroup;
			children = (
				8ABF27B522D5EA8700B1041F /* demo.app */,
			);
			name = Products;
			sourceTree = "<group>";
		};
		8ABF27B722D5EA8700B1041F /* demo */ = {
			isa = PBXGroup;
			children = (
				8ABF27B822D5EA8700B1041F /* AppDelegate.h */,
				8ABF27B922D5EA8700B1041F /* AppDelegate.m */,
				8A710B1B22D70857007B61E9 /* Class */,
				8ABF27BE22D5EA8700B1041F /* Main.storyboard */,
				8ABF27C122D5EA8E00B1041F /* Assets.xcassets */,
				8ABF27C322D5EA8E00B1041F /* LaunchScreen.storyboard */,
				8ABF27C622D5EA8E00B1041F /* Info.plist */,
				8ABF27C722D5EA8E00B1041F /* main.m */,
			);
			path = demo;
			sourceTree = "<group>";
		};
		8ABF27CE22D5EB9700B1041F /* Frameworks */ = {
			isa = PBXGroup;
			children = (
				6B11155CFA325B630FB96E3A /* Pods_demo.framework */,
			);
			name = Frameworks;
			sourceTree = "<group>";
		};
		BDA8A9BD6136CDA4817F690F /* Pods */ = {
			isa = PBXGroup;
			children = (
				196DB34D5F538AB21A2D2210 /* Pods-demo.debug.xcconfig */,
				1DCA2E48136C0E3A2F10C89E /* Pods-demo.release.xcconfig */,
			);
			path = Pods;
			sourceTree = "<group>";
		};
/* End PBXGroup section */

/* Begin PBXNativeTarget section */
		8ABF27B422D5EA8700B1041F /* demo */ = {
			isa = PBXNativeTarget;
			buildConfigurationList = 8ABF27CB22D5EA8E00B1041F /* Build configuration list for PBXNativeTarget "demo" */;
			buildPhases = (
				551A9D4A18FA0A8CEA8BCE88 /* [CP] Check Pods Manifest.lock */,
				8ABF27B122D5EA8700B1041F /* Sources */,
				8ABF27B222D5EA8700B1041F /* Frameworks */,
				8ABF27B322D5EA8700B1041F /* Resources */,
				B75FC656BF70B76E68F26031 /* [CP] Embed Pods Frameworks */,
			);
			buildRules = (
			);
			dependencies = (
			);
			name = demo;
			productName = demo;
			productReference = 8ABF27B522D5EA8700B1041F /* demo.app */;
			productType = "com.apple.product-type.application";
		};
/* End PBXNativeTarget section */

/* Begin PBXProject section */
		8ABF27AD22D5EA8700B1041F /* Project object */ = {
			isa = PBXProject;
			attributes = {
				LastUpgradeCheck = 1020;
				ORGANIZATIONNAME = Phil;
				TargetAttributes = {
					8ABF27B422D5EA8700B1041F = {
						CreatedOnToolsVersion = 10.2.1;
					};
				};
			};
			buildConfigurationList = 8ABF27B022D5EA8700B1041F /* Build configuration list for PBXProject "demo" */;
			compatibilityVersion = "Xcode 9.3";
			developmentRegion = en;
			hasScannedForEncodings = 0;
			knownRegions = (
				en,
				Base,
			);
			mainGroup = 8ABF27AC22D5EA8700B1041F;
			productRefGroup = 8ABF27B622D5EA8700B1041F /* Products */;
			projectDirPath = "";
			projectReferences = (
				{
					ProductGroup = 8A53CF7523B06BAA00B807D4 /* Products */;
					ProjectRef = 8A53CF7423B06BAA00B807D4 /* IRNotificationReceiver.xcodeproj */;
				},
			);
			projectRoot = "";
			targets = (
				8ABF27B422D5EA8700B1041F /* demo */,
			);
		};
/* End PBXProject section */

/* Begin PBXReferenceProxy section */
		8A53CF7923B06BAA00B807D4 /* IRNotificationReceiver.framework */ = {
			isa = PBXReferenceProxy;
			fileType = wrapper.framework;
			path = IRNotificationReceiver.framework;
			remoteRef = 8A53CF7823B06BAA00B807D4 /* PBXContainerItemProxy */;
			sourceTree = BUILT_PRODUCTS_DIR;
		};
/* End PBXReferenceProxy section */

/* Begin PBXResourcesBuildPhase section */
		8ABF27B322D5EA8700B1041F /* Resources */ = {
			isa = PBXResourcesBuildPhase;
			buildActionMask = 2147483647;
			files = (
				8ABF27C522D5EA8E00B1041F /* LaunchScreen.storyboard in Resources */,
				8ABF27C222D5EA8E00B1041F /* Assets.xcassets in Resources */,
				8ABF27C022D5EA8700B1041F /* Main.storyboard in Resources */,
			);
			runOnlyForDeploymentPostprocessing = 0;
		};
/* End PBXResourcesBuildPhase section */

/* Begin PBXShellScriptBuildPhase section */
		551A9D4A18FA0A8CEA8BCE88 /* [CP] Check Pods Manifest.lock */ = {
			isa = PBXShellScriptBuildPhase;
			buildActionMask = 2147483647;
			files = (
			);
			inputFileListPaths = (
			);
			inputPaths = (
				"${PODS_PODFILE_DIR_PATH}/Podfile.lock",
				"${PODS_ROOT}/Manifest.lock",
			);
			name = "[CP] Check Pods Manifest.lock";
			outputFileListPaths = (
			);
			outputPaths = (
				"$(DERIVED_FILE_DIR)/Pods-demo-checkManifestLockResult.txt",
			);
			runOnlyForDeploymentPostprocessing = 0;
			shellPath = /bin/sh;
			shellScript = "diff \"${PODS_PODFILE_DIR_PATH}/Podfile.lock\" \"${PODS_ROOT}/Manifest.lock\" > /dev/null\nif [ $? != 0 ] ; then\n    # print error to STDERR\n    echo \"error: The sandbox is not in sync with the Podfile.lock. Run 'pod install' or update your CocoaPods installation.\" >&2\n    exit 1\nfi\n# This output is used by Xcode 'outputs' to avoid re-running this script phase.\necho \"SUCCESS\" > \"${SCRIPT_OUTPUT_FILE_0}\"\n";
			showEnvVarsInLog = 0;
		};
		B75FC656BF70B76E68F26031 /* [CP] Embed Pods Frameworks */ = {
			isa = PBXShellScriptBuildPhase;
			buildActionMask = 2147483647;
			files = (
			);
			inputFileListPaths = (
				"${PODS_ROOT}/Target Support Files/Pods-demo/Pods-demo-frameworks-${CONFIGURATION}-input-files.xcfilelist",
			);
			name = "[CP] Embed Pods Frameworks";
			outputFileListPaths = (
				"${PODS_ROOT}/Target Support Files/Pods-demo/Pods-demo-frameworks-${CONFIGURATION}-output-files.xcfilelist",
			);
			runOnlyForDeploymentPostprocessing = 0;
			shellPath = /bin/sh;
			shellScript = "\"${PODS_ROOT}/Target Support Files/Pods-demo/Pods-demo-frameworks.sh\"\n";
			showEnvVarsInLog = 0;
		};
/* End PBXShellScriptBuildPhase section */

/* Begin PBXSourcesBuildPhase section */
		8ABF27B122D5EA8700B1041F /* Sources */ = {
			isa = PBXSourcesBuildPhase;
			buildActionMask = 2147483647;
			files = (
				8A710B1F22D708BE007B61E9 /* NetworkManager.m in Sources */,
				8ABF27BD22D5EA8700B1041F /* ViewController.m in Sources */,
				8ABF27C822D5EA8E00B1041F /* main.m in Sources */,
				8ABF27BA22D5EA8700B1041F /* AppDelegate.m in Sources */,
			);
			runOnlyForDeploymentPostprocessing = 0;
		};
/* End PBXSourcesBuildPhase section */

/* Begin PBXVariantGroup section */
		8ABF27BE22D5EA8700B1041F /* Main.storyboard */ = {
			isa = PBXVariantGroup;
			children = (
				8ABF27BF22D5EA8700B1041F /* Base */,
			);
			name = Main.storyboard;
			sourceTree = "<group>";
		};
		8ABF27C322D5EA8E00B1041F /* LaunchScreen.storyboard */ = {
			isa = PBXVariantGroup;
			children = (
				8ABF27C422D5EA8E00B1041F /* Base */,
			);
			name = LaunchScreen.storyboard;
			sourceTree = "<group>";
		};
/* End PBXVariantGroup section */

/* Begin XCBuildConfiguration section */
		8ABF27C922D5EA8E00B1041F /* Debug */ = {
			isa = XCBuildConfiguration;
			buildSettings = {
				ALWAYS_SEARCH_USER_PATHS = NO;
				CLANG_ANALYZER_NONNULL = YES;
				CLANG_ANALYZER_NUMBER_OBJECT_CONVERSION = YES_AGGRESSIVE;
				CLANG_CXX_LANGUAGE_STANDARD = "gnu++14";
				CLANG_CXX_LIBRARY = "libc++";
				CLANG_ENABLE_MODULES = YES;
				CLANG_ENABLE_OBJC_ARC = YES;
				CLANG_ENABLE_OBJC_WEAK = YES;
				CLANG_WARN_BLOCK_CAPTURE_AUTORELEASING = YES;
				CLANG_WARN_BOOL_CONVERSION = YES;
				CLANG_WARN_COMMA = YES;
				CLANG_WARN_CONSTANT_CONVERSION = YES;
				CLANG_WARN_DEPRECATED_OBJC_IMPLEMENTATIONS = YES;
				CLANG_WARN_DIRECT_OBJC_ISA_USAGE = YES_ERROR;
				CLANG_WARN_DOCUMENTATION_COMMENTS = YES;
				CLANG_WARN_EMPTY_BODY = YES;
				CLANG_WARN_ENUM_CONVERSION = YES;
				CLANG_WARN_INFINITE_RECURSION = YES;
				CLANG_WARN_INT_CONVERSION = YES;
				CLANG_WARN_NON_LITERAL_NULL_CONVERSION = YES;
				CLANG_WARN_OBJC_IMPLICIT_RETAIN_SELF = YES;
				CLANG_WARN_OBJC_LITERAL_CONVERSION = YES;
				CLANG_WARN_OBJC_ROOT_CLASS = YES_ERROR;
				CLANG_WARN_RANGE_LOOP_ANALYSIS = YES;
				CLANG_WARN_STRICT_PROTOTYPES = YES;
				CLANG_WARN_SUSPICIOUS_MOVE = YES;
				CLANG_WARN_UNGUARDED_AVAILABILITY = YES_AGGRESSIVE;
				CLANG_WARN_UNREACHABLE_CODE = YES;
				CLANG_WARN__DUPLICATE_METHOD_MATCH = YES;
				CODE_SIGN_IDENTITY = "iPhone Developer";
				COPY_PHASE_STRIP = NO;
				DEBUG_INFORMATION_FORMAT = dwarf;
				ENABLE_STRICT_OBJC_MSGSEND = YES;
				ENABLE_TESTABILITY = YES;
				GCC_C_LANGUAGE_STANDARD = gnu11;
				GCC_DYNAMIC_NO_PIC = NO;
				GCC_NO_COMMON_BLOCKS = YES;
				GCC_OPTIMIZATION_LEVEL = 0;
				GCC_PREPROCESSOR_DEFINITIONS = (
					"DEBUG=1",
					"$(inherited)",
				);
				GCC_WARN_64_TO_32_BIT_CONVERSION = YES;
				GCC_WARN_ABOUT_RETURN_TYPE = YES_ERROR;
				GCC_WARN_UNDECLARED_SELECTOR = YES;
				GCC_WARN_UNINITIALIZED_AUTOS = YES_AGGRESSIVE;
				GCC_WARN_UNUSED_FUNCTION = YES;
				GCC_WARN_UNUSED_VARIABLE = YES;
				IPHONEOS_DEPLOYMENT_TARGET = 9.0;
				MTL_ENABLE_DEBUG_INFO = INCLUDE_SOURCE;
				MTL_FAST_MATH = YES;
				ONLY_ACTIVE_ARCH = YES;
				SDKROOT = iphoneos;
			};
			name = Debug;
		};
		8ABF27CA22D5EA8E00B1041F /* Release */ = {
			isa = XCBuildConfiguration;
			buildSettings = {
				ALWAYS_SEARCH_USER_PATHS = NO;
				CLANG_ANALYZER_NONNULL = YES;
				CLANG_ANALYZER_NUMBER_OBJECT_CONVERSION = YES_AGGRESSIVE;
				CLANG_CXX_LANGUAGE_STANDARD = "gnu++14";
				CLANG_CXX_LIBRARY = "libc++";
				CLANG_ENABLE_MODULES = YES;
				CLANG_ENABLE_OBJC_ARC = YES;
				CLANG_ENABLE_OBJC_WEAK = YES;
				CLANG_WARN_BLOCK_CAPTURE_AUTORELEASING = YES;
				CLANG_WARN_BOOL_CONVERSION = YES;
				CLANG_WARN_COMMA = YES;
				CLANG_WARN_CONSTANT_CONVERSION = YES;
				CLANG_WARN_DEPRECATED_OBJC_IMPLEMENTATIONS = YES;
				CLANG_WARN_DIRECT_OBJC_ISA_USAGE = YES_ERROR;
				CLANG_WARN_DOCUMENTATION_COMMENTS = YES;
				CLANG_WARN_EMPTY_BODY = YES;
				CLANG_WARN_ENUM_CONVERSION = YES;
				CLANG_WARN_INFINITE_RECURSION = YES;
				CLANG_WARN_INT_CONVERSION = YES;
				CLANG_WARN_NON_LITERAL_NULL_CONVERSION = YES;
				CLANG_WARN_OBJC_IMPLICIT_RETAIN_SELF = YES;
				CLANG_WARN_OBJC_LITERAL_CONVERSION = YES;
				CLANG_WARN_OBJC_ROOT_CLASS = YES_ERROR;
				CLANG_WARN_RANGE_LOOP_ANALYSIS = YES;
				CLANG_WARN_STRICT_PROTOTYPES = YES;
				CLANG_WARN_SUSPICIOUS_MOVE = YES;
				CLANG_WARN_UNGUARDED_AVAILABILITY = YES_AGGRESSIVE;
				CLANG_WARN_UNREACHABLE_CODE = YES;
				CLANG_WARN__DUPLICATE_METHOD_MATCH = YES;
				CODE_SIGN_IDENTITY = "iPhone Developer";
				COPY_PHASE_STRIP = NO;
				DEBUG_INFORMATION_FORMAT = "dwarf-with-dsym";
				ENABLE_NS_ASSERTIONS = NO;
				ENABLE_STRICT_OBJC_MSGSEND = YES;
				GCC_C_LANGUAGE_STANDARD = gnu11;
				GCC_NO_COMMON_BLOCKS = YES;
				GCC_WARN_64_TO_32_BIT_CONVERSION = YES;
				GCC_WARN_ABOUT_RETURN_TYPE = YES_ERROR;
				GCC_WARN_UNDECLARED_SELECTOR = YES;
				GCC_WARN_UNINITIALIZED_AUTOS = YES_AGGRESSIVE;
				GCC_WARN_UNUSED_FUNCTION = YES;
				GCC_WARN_UNUSED_VARIABLE = YES;
				IPHONEOS_DEPLOYMENT_TARGET = 9.0;
				MTL_ENABLE_DEBUG_INFO = NO;
				MTL_FAST_MATH = YES;
				SDKROOT = iphoneos;
				VALIDATE_PRODUCT = YES;
			};
			name = Release;
		};
		8ABF27CC22D5EA8E00B1041F /* Debug */ = {
			isa = XCBuildConfiguration;
			baseConfigurationReference = 196DB34D5F538AB21A2D2210 /* Pods-demo.debug.xcconfig */;
			buildSettings = {
				ASSETCATALOG_COMPILER_APPICON_NAME = AppIcon;
				CODE_SIGN_STYLE = Automatic;
				DEVELOPMENT_TEAM = F7AP32ZTM5;
				FRAMEWORK_SEARCH_PATHS = "$(PROJECT_DIR)";
				INFOPLIST_FILE = demo/Info.plist;
				LD_RUNPATH_SEARCH_PATHS = (
					"$(inherited)",
					"@executable_path/Frameworks",
				);
				PRODUCT_BUNDLE_IDENTIFIER = irons163.demo;
				PRODUCT_NAME = "$(TARGET_NAME)";
				TARGETED_DEVICE_FAMILY = "1,2";
			};
			name = Debug;
		};
		8ABF27CD22D5EA8E00B1041F /* Release */ = {
			isa = XCBuildConfiguration;
			baseConfigurationReference = 1DCA2E48136C0E3A2F10C89E /* Pods-demo.release.xcconfig */;
			buildSettings = {
				ASSETCATALOG_COMPILER_APPICON_NAME = AppIcon;
				CODE_SIGN_STYLE = Automatic;
				DEVELOPMENT_TEAM = F7AP32ZTM5;
				FRAMEWORK_SEARCH_PATHS = "$(PROJECT_DIR)";
				INFOPLIST_FILE = demo/Info.plist;
				LD_RUNPATH_SEARCH_PATHS = (
					"$(inherited)",
					"@executable_path/Frameworks",
				);
				PRODUCT_BUNDLE_IDENTIFIER = irons163.demo;
				PRODUCT_NAME = "$(TARGET_NAME)";
				TARGETED_DEVICE_FAMILY = "1,2";
			};
			name = Release;
		};
/* End XCBuildConfiguration section */

/* Begin XCConfigurationList section */
		8ABF27B022D5EA8700B1041F /* Build configuration list for PBXProject "demo" */ = {
			isa = XCConfigurationList;
			buildConfigurations = (
				8ABF27C922D5EA8E00B1041F /* Debug */,
				8ABF27CA22D5EA8E00B1041F /* Release */,
			);
			defaultConfigurationIsVisible = 0;
			defaultConfigurationName = Release;
		};
		8ABF27CB22D5EA8E00B1041F /* Build configuration list for PBXNativeTarget "demo" */ = {
			isa = XCConfigurationList;
			buildConfigurations = (
				8ABF27CC22D5EA8E00B1041F /* Debug */,
				8ABF27CD22D5EA8E00B1041F /* Release */,
			);
			defaultConfigurationIsVisible = 0;
			defaultConfigurationName = Release;
		};
/* End XCConfigurationList section */
	};
	rootObject = 8ABF27AD22D5EA8700B1041F /* Project object */;
}
